version: 2.0
shards:
  db:
    git: https://github.com/crystal-lang/crystal-db.git
    version: 0.10.1

  dotenv:
    git: https://github.com/gdotdesign/cr-dotenv.git
    version: 1.0.0

  i18n:
    git: https://github.com/crystal-i18n/i18n.git
    version: 0.2.1

  marten:
    git: https://github.com/martenframework/marten.git
    version: 0.1.0.dev0+git.commit.864a2d2186a177c34d58516e63cea527d9c50087

  pg:
    git: https://github.com/will/crystal-pg.git
    version: 0.24.0

