version: 2.0
shards:
  ameba:
    git: https://github.com/crystal-ameba/ameba.git
    version: 1.7.0-dev+git.commit.ed1ad402d45fff5a959e4532b0e77e83174d7cd3

  any_hash:
    git: https://github.com/sija/any_hash.cr.git
    version: 0.2.5

  backtracer:
    git: https://github.com/sija/backtracer.cr.git
    version: 1.2.4

  cmark:
    git: https://github.com/amauryt/cr-cmark-gfm.git
    version: 0.1.3+git.commit.f73c9a23b4d29c27bbb5c83da40edca41c0c5f09

  db:
    git: https://github.com/crystal-lang/crystal-db.git
    version: 0.14.0

  dotenv:
    git: https://github.com/gdotdesign/cr-dotenv.git
    version: 1.0.0

  i18n:
    git: https://github.com/crystal-i18n/i18n.git
    version: 0.2.2

  marten:
    git: https://github.com/martenframework/marten.git
    version: 0.6.1

  marten_raven_middleware:
    git: https://github.com/ellmetha/marten-raven-middleware.git
    version: 0.1.0

  msgpack:
    git: https://github.com/crystal-community/msgpack-crystal.git
    version: 1.3.4

  raven:
    git: https://github.com/sija/raven.cr.git
    version: 1.9.4

  webmock:
    git: https://github.com/manastech/webmock.cr.git
    version: 0.14.0+git.commit.fde6b20d5b80401a967e044b1a3e80ee391bed60

